
Microsoft Visual Studio Solution File, Format Version 12.00
# Visual Studio Version 16
VisualStudioVersion = 16.0.28701.123
MinimumVisualStudioVersion = 10.0.40219.1
Project("{FAE04EC0-301F-11D3-BF4B-00C04F79EFBC}") = "SomeProject", "SomeProject\SomeProject.csproj", "{A03C2916-D4AC-4A80-A0A9-AAFF705610F6}"
EndProject
Project("{FAE04EC0-301F-11D3-BF4B-00C04F79EFBC}") = "ClassLibrary", "ClassLibrary\ClassLibrary.csproj", "{D69DC750-30E6-4408-B646-274B8ED612F8}"
EndProject
Global
	GlobalSection(SolutionConfigurationPlatforms) = preSolution
		Debug|Any CPU = Debug|Any CPU
		Release|Any CPU = Release|Any CPU
	EndGlobalSection
	GlobalSection(ProjectConfigurationPlatforms) = postSolution
		{A03C2916-D4AC-4A80-A0A9-AAFF705610F6}.Debug|Any CPU.ActiveCfg = Debug|Any CPU
		{A03C2916-D4AC-4A80-A0A9-AAFF705610F6}.Debug|Any CPU.Build.0 = Debug|Any CPU
		{A03C2916-D4AC-4A80-A0A9-AAFF705610F6}.Release|Any CPU.ActiveCfg = Release|Any CPU
		{A03C2916-D4AC-4A80-A0A9-AAFF705610F6}.Release|Any CPU.Build.0 = Release|Any CPU
		{D69DC750-30E6-4408-B646-274B8ED612F8}.Debug|Any CPU.ActiveCfg = Debug|Any CPU
		{D69DC750-30E6-4408-B646-274B8ED612F8}.Debug|Any CPU.Build.0 = Debug|Any CPU
		{D69DC750-30E6-4408-B646-274B8ED612F8}.Release|Any CPU.ActiveCfg = Release|Any CPU
		{D69DC750-30E6-4408-B646-274B8ED612F8}.Release|Any CPU.Build.0 = Release|Any CPU
	EndGlobalSection
	GlobalSection(SolutionProperties) = preSolution
		HideSolutionNode = FALSE
	EndGlobalSection
	GlobalSection(ExtensibilityGlobals) = postSolution
		SolutionGuid = {0F734E57-48E5-4D9F-9D9B-7305D4247171}
	EndGlobalSection
EndGlobal
